# THIS IS AN AUTOGENERATED FILE. DO NOT EDIT THIS FILE DIRECTLY.
# yarn lockfile v1


"@bytecodealliance/preview2-shim@^0.0.7":
  version "0.0.7"
  resolved "https://registry.yarnpkg.com/@bytecodealliance/preview2-shim/-/preview2-shim-0.0.7.tgz#e420465c54976e1b64e744b31087235d3b794d73"
  integrity sha512-EeQDg6dnpmr1gnd9SERbg89ZaS7jLt+j3vLT3bHuZfV4GevhUuGbeIyt+aZm124uHZ5SCbVI34G5i0EtCKgITw==
