{
  "name": "@netapplabs/wasi-snapshot-preview2",
  "version": "0.0.11",
  "lockfileVersion": 3,
  "requires": true,
  "packages": {
    "": {
      "name": "@netapplabs/wasi-snapshot-preview2",
      "version": "0.0.11",
      "license": "(Apache-2.0 WITH LLVM-exception)",
      "devDependencies": {
        "@netapplabs/tsconfig": "^0.0.2"
      }
    },
    "node_modules/@netapplabs/tsconfig": {
      "version": "0.0.2",
      "resolved": "https://npm.pkg.github.com/download/@netapplabs/tsconfig/0.0.2/79dc4230a654790f060c89acba98780fcbb415ed",
      "integrity": "sha512-Te+hzPGkFOKV2IpTpbgz3ljSZjQWkKyk/d1f4FgrHDkeU5y+CxubVh9vlI3Lz4nCLHv0pE9FJxp1KLTXTO0KiQ==",
      "dev": true,
      "license": "UNLICENSED",
      "dependencies": {
        "typescript": "^5.4.2"
      },
      "engines": {
        "node": ">=18",
        "npm": ">=9"
      }
    },
    "node_modules/typescript": {
      "version": "5.7.2",
      "resolved": "https://registry.npmjs.org/typescript/-/typescript-5.7.2.tgz",
      "integrity": "sha512-i5t66RHxDvVN40HfDd1PsEThGNnlMCMT3jMUuoh9/0TaqWevNontacunWyN02LA9/fIbEWlcHZcgTKb9QoaLfg==",
      "dev": true,
      "license": "Apache-2.0",
      "bin": {
        "tsc": "bin/tsc",
        "tsserver": "bin/tsserver"
      },
      "engines": {
        "node": ">=14.17"
      }
    }
  }
}
