{
  "name": "@netapplabs/wasi-snapshot-preview2",
  "version": "0.7.1",
  "lockfileVersion": 3,
  "requires": true,
  "packages": {
    "": {
      "name": "@netapplabs/wasi-snapshot-preview2",
      "version": "0.7.1",
      "license": "(Apache-2.0 WITH LLVM-exception)",
      "devDependencies": {
        "@netapplabs/tsconfig": "^0.7.0"
      }
    },
    "node_modules/@netapplabs/tsconfig": {
      "version": "0.7.1",
      "resolved": "https://npm.pkg.github.com/download/@netapplabs/tsconfig/0.7.1/d788b071d0fd21d24963322b6b296ada9178dd1e",
      "integrity": "sha512-/PsIDPqrUpPgLY6fWikFtZPLfDsFE2J/CM0v5uGdrbWnEtVIgrEqebBsKc4x53iZndSIkBW5UBV8fLrVmDykxQ==",
      "dev": true,
      "license": "Apache-2.0",
      "dependencies": {
        "typescript": "^5.8.2"
      },
      "engines": {
        "node": ">=18",
        "npm": ">=9"
      }
    },
    "node_modules/typescript": {
      "version": "5.8.3",
      "resolved": "https://registry.npmjs.org/typescript/-/typescript-5.8.3.tgz",
      "integrity": "sha512-p1diW6TqL9L07nNxvRMM7hMMw4c5XOo/1ibL4aAIGmSAt9slTE1Xgw5KWuof2uTOvCg9BY7ZRi+GaF+7sfgPeQ==",
      "dev": true,
      "license": "Apache-2.0",
      "bin": {
        "tsc": "bin/tsc",
        "tsserver": "bin/tsserver"
      },
      "engines": {
        "node": ">=14.17"
      }
    }
  }
}
