{
  "name": "@netapplabs/wasm-promisify",
  "version": "0.10.1",
  "lockfileVersion": 3,
  "requires": true,
  "packages": {
    "": {
      "name": "@netapplabs/wasm-promisify",
      "version": "0.10.1",
      "dependencies": {
        "@netapplabs/tsconfig": "^0.0.2",
        "wasmati": "^0.2.0"
      },
      "devDependencies": {
        "@types/node": "^22.10.2"
      }
    },
    "node_modules/@netapplabs/tsconfig": {
      "version": "0.0.2",
      "resolved": "https://npm.pkg.github.com/download/@netapplabs/tsconfig/0.0.2/79dc4230a654790f060c89acba98780fcbb415ed",
      "integrity": "sha512-Te+hzPGkFOKV2IpTpbgz3ljSZjQWkKyk/d1f4FgrHDkeU5y+CxubVh9vlI3Lz4nCLHv0pE9FJxp1KLTXTO0KiQ==",
      "license": "UNLICENSED",
      "dependencies": {
        "typescript": "^5.4.2"
      },
      "engines": {
        "node": ">=18",
        "npm": ">=9"
      }
    },
    "node_modules/@types/node": {
      "version": "22.10.2",
      "resolved": "https://registry.npmjs.org/@types/node/-/node-22.10.2.tgz",
      "integrity": "sha512-Xxr6BBRCAOQixvonOye19wnzyDiUtTeqldOOmj3CkeblonbccA12PFwlufvRdrpjXxqnmUaeiU5EOA+7s5diUQ==",
      "dev": true,
      "license": "MIT",
      "dependencies": {
        "undici-types": "~6.20.0"
      }
    },
    "node_modules/ieee754": {
      "version": "1.2.1",
      "resolved": "https://registry.npmjs.org/ieee754/-/ieee754-1.2.1.tgz",
      "integrity": "sha512-dcyqhDvX1C46lXZcVqCpK+FtMRQVdIMN6/Df5js2zouUsqG7I6sFxitIC+7KYK29KdXOLHdu9zL4sFnoVQnqaA==",
      "funding": [
        {
          "type": "github",
          "url": "https://github.com/sponsors/feross"
        },
        {
          "type": "patreon",
          "url": "https://www.patreon.com/feross"
        },
        {
          "type": "consulting",
          "url": "https://feross.org/support"
        }
      ],
      "license": "BSD-3-Clause"
    },
    "node_modules/typescript": {
      "version": "5.7.2",
      "resolved": "https://registry.npmjs.org/typescript/-/typescript-5.7.2.tgz",
      "integrity": "sha512-i5t66RHxDvVN40HfDd1PsEThGNnlMCMT3jMUuoh9/0TaqWevNontacunWyN02LA9/fIbEWlcHZcgTKb9QoaLfg==",
      "license": "Apache-2.0",
      "bin": {
        "tsc": "bin/tsc",
        "tsserver": "bin/tsserver"
      },
      "engines": {
        "node": ">=14.17"
      }
    },
    "node_modules/undici-types": {
      "version": "6.20.0",
      "resolved": "https://registry.npmjs.org/undici-types/-/undici-types-6.20.0.tgz",
      "integrity": "sha512-Ny6QZ2Nju20vw1SRHe3d9jVu6gJ+4e3+MMpqu7pqE5HT6WsTSlce++GQmK5UXS8mzV8DSYHrQH+Xrf2jVcuKNg==",
      "dev": true,
      "license": "MIT"
    },
    "node_modules/wasmati": {
      "version": "0.2.4",
      "resolved": "https://registry.npmjs.org/wasmati/-/wasmati-0.2.4.tgz",
      "integrity": "sha512-cJl05zeUhYM5Vx6A8p4z8S9H9HVJPlLK4HO5RFoXswy5ZoWjd2zN0FX1amOs3vkshxbiKFQpJsefkK9OBgyYjQ==",
      "license": "MIT",
      "dependencies": {
        "ieee754": "^1.2.1"
      }
    }
  }
}
