{
  "version": "3",
  "packages": {
    "specifiers": {
      "jsr:@cliffy/command@1.0.0-rc.4": "jsr:@cliffy/command@1.0.0-rc.4",
      "jsr:@cliffy/flags@1.0.0-rc.4": "jsr:@cliffy/flags@1.0.0-rc.4",
      "jsr:@cliffy/table@1.0.0-rc.4": "jsr:@cliffy/table@1.0.0-rc.4",
      "jsr:@std/assert@^0.196.0": "jsr:@std/assert@0.196.0",
      "jsr:@std/assert@^0.221.0": "jsr:@std/assert@0.221.0",
      "jsr:@std/assert@^0.225.0": "jsr:@std/assert@0.225.2",
      "jsr:@std/async@0.196.0": "jsr:@std/async@0.196.0",
      "jsr:@std/console@0.221": "jsr:@std/console@0.221.0",
      "jsr:@std/encoding@0.224.0": "jsr:@std/encoding@0.224.0",
      "jsr:@std/fmt@0.221": "jsr:@std/fmt@0.221.0",
      "jsr:@std/fs@0.229.0": "jsr:@std/fs@0.229.0",
      "jsr:@std/path@0.225.0": "jsr:@std/path@0.225.0",
      "jsr:@std/path@^0.225.0": "jsr:@std/path@0.225.0",
      "jsr:@std/text@0.221": "jsr:@std/text@0.221.0"
    },
    "jsr": {
      "@cliffy/command@1.0.0-rc.4": {
        "integrity": "709884ffe0f53ce3edafa92b58223634397878fbf6dcabe0c74ea0108273b9f7",
        "dependencies": [
          "jsr:@cliffy/flags@1.0.0-rc.4",
          "jsr:@cliffy/table@1.0.0-rc.4",
          "jsr:@std/fmt@0.221",
          "jsr:@std/text@0.221"
        ]
      },
      "@cliffy/flags@1.0.0-rc.4": {
        "integrity": "29f370ade4ddf6e150a4d25fc44661234c19870ffcf7fb07cd100f1843fcd6e1"
      },
      "@cliffy/table@1.0.0-rc.4": {
        "integrity": "990e4e0b3910e6c9cf7a5b4318b8f5e121cf681494c94fd113febb9b4d4c0741",
        "dependencies": [
          "jsr:@std/console@0.221"
        ]
      },
      "@std/assert@0.196.0": {
        "integrity": "ede8c09c2bb176dc9356c04d2548412e492a58dcf73aad0965695a4d8336f66b"
      },
      "@std/assert@0.221.0": {
        "integrity": "a5f1aa6e7909dbea271754fd4ab3f4e687aeff4873b4cef9a320af813adb489a"
      },
      "@std/assert@0.225.2": {
        "integrity": "6fd566c3ea01654d29c2b633298b7fc7599716336233852eb87e9843658fa192"
      },
      "@std/async@0.196.0": {
        "integrity": "bd572776dfdf94bcbe00ceea1263e06f0c0060ff258f8a5cf644c5b43992755a",
        "dependencies": [
          "jsr:@std/assert@^0.196.0"
        ]
      },
      "@std/console@0.221.0": {
        "integrity": "8f2afc1f3f14f5d6039c0c767f057e4aa1897d2210e167c4667cb155cafb9d11"
      },
      "@std/encoding@0.224.0": {
        "integrity": "efb6dca97d3e9c31392bd5c8cfd9f9fc9decf5a1f4d1f78af7900a493bcf89b5"
      },
      "@std/fmt@0.221.0": {
        "integrity": "379fed69bdd9731110f26b9085aeb740606b20428ce6af31ef6bd45ef8efa62a"
      },
      "@std/fs@0.229.0": {
        "integrity": "c353340334dd25b879c4e6e72371b2664da2bd41b633b5837c7249c04d90903d",
        "dependencies": [
          "jsr:@std/assert@^0.225.0",
          "jsr:@std/path@^0.225.0"
        ]
      },
      "@std/path@0.225.0": {
        "integrity": "044ed8d9ca76fa997ff1d30d48fc7756b4389bf6ce1ff9710633a2d174343bb3",
        "dependencies": [
          "jsr:@std/assert@^0.225.0"
        ]
      },
      "@std/text@0.221.0": {
        "integrity": "a2f89ceb0d8851cd33e6774064621a1da9fbc36578cf4f02c5b5bcd7e8c84b67",
        "dependencies": [
          "jsr:@std/assert@^0.221.0"
        ]
      }
    }
  },
  "redirects": {
    "https://github.com/NfNitLoop/deno-embedder/raw/main/mod.ts": "https://raw.githubusercontent.com/NfNitLoop/deno-embedder/main/mod.ts"
  },
  "remote": {
    "https://raw.githubusercontent.com/NfNitLoop/deno-embedder/main/_src/util.ts": "55f4a911f0a2b175a3d7c6dc22c18ed79795cfeb02ea8becbde5992db2f22487",
    "https://raw.githubusercontent.com/NfNitLoop/deno-embedder/main/deps/cliffy/command.ts": "d319813d339a92271d15609eeba34955862be584c94ea80fb61a8125131c4331",
    "https://raw.githubusercontent.com/NfNitLoop/deno-embedder/main/deps/std/async.ts": "dffdf1ffd1d8526367b7dd1083810f28f1aba77a21e689af0057aae78ba1cf26",
    "https://raw.githubusercontent.com/NfNitLoop/deno-embedder/main/deps/std/encoding/base64.ts": "1889008aee309016f3dc051c44f208089ddcbee030926891ec7f0201140fe112",
    "https://raw.githubusercontent.com/NfNitLoop/deno-embedder/main/deps/std/fs.ts": "0a1bbd49a840ee9ffaa9c49a10a8481f02d1883e91f5e4865bd04f436a89b794",
    "https://raw.githubusercontent.com/NfNitLoop/deno-embedder/main/deps/std/path.ts": "dd58c16fc785dbd1edb4bace0486310f28eeb963b555b8f87191ef6d5f04a931",
    "https://raw.githubusercontent.com/NfNitLoop/deno-embedder/main/embed.ts": "609d2a3368af74ffeb7d1a180f21248d95f60d795780c5181a14da726fa49a9e",
    "https://raw.githubusercontent.com/NfNitLoop/deno-embedder/main/mod.ts": "fb82b69bd8f4c88c9dbae8e919de1620c56888deb1e3e3010d4afcc05a7bc070"
  },
  "workspace": {
    "packageJson": {
      "dependencies": [
        "npm:@chialab/esbuild-plugin-meta-url@^0.17.7",
        "npm:@wasmin/deno-fs-js",
        "npm:@wasmin/fs-js",
        "npm:@wasmin/nfs-js",
        "npm:@wasmin/s3-fs-js",
        "npm:@wasmin/shell",
        "npm:@wasmin/tsconfig",
        "npm:@wasmin/wasi-js",
        "npm:esbuild-plugin-text-replace@^1.3.0",
        "npm:esbuild-plugin-transform@^0.5.0",
        "npm:esbuild@^0.20.1"
      ]
    }
  }
}
